
Microsoft Visual Studio Solution File, Format Version 12.00
# Visual Studio Version 16
VisualStudioVersion = 16.0.31515.178
MinimumVisualStudioVersion = 10.0.40219.1
Project("{FAE04EC0-301F-11D3-BF4B-00C04F79EFBC}") = "[1001]OverclockedAI", "[1001]OverclockedAI\[1001]OverclockedAI.csproj", "{791EFE40-0C6C-4411-A268-B203DB8DF338}"
EndProject
Global
	GlobalSection(SolutionConfigurationPlatforms) = preSolution
		Debug|Any CPU = Debug|Any CPU
		Release|Any CPU = Release|Any CPU
	EndGlobalSection
	GlobalSection(ProjectConfigurationPlatforms) = postSolution
		{791EFE40-0C6C-4411-A268-B203DB8DF338}.Debug|Any CPU.ActiveCfg = Debug|Any CPU
		{791EFE40-0C6C-4411-A268-B203DB8DF338}.Debug|Any CPU.Build.0 = Debug|Any CPU
		{791EFE40-0C6C-4411-A268-B203DB8DF338}.Release|Any CPU.ActiveCfg = Release|Any CPU
		{791EFE40-0C6C-4411-A268-B203DB8DF338}.Release|Any CPU.Build.0 = Release|Any CPU
	EndGlobalSection
	GlobalSection(SolutionProperties) = preSolution
		HideSolutionNode = FALSE
	EndGlobalSection
	GlobalSection(ExtensibilityGlobals) = postSolution
		SolutionGuid = {8FB80F78-2BB6-4E4D-90D5-3DB644915B68}
	EndGlobalSection
EndGlobal
